
Microsoft Visual Studio Solution File, Format Version 12.00
# Visual Studio Version 17
VisualStudioVersion = 17.7.34018.315
MinimumVisualStudioVersion = 10.0.40219.1
Project("{8BC9CEB8-8B4A-11D0-8D11-00A0C91BC942}") = "ProjectS", "ProjectS\ProjectS.vcxproj", "{BCE693CE-6F5F-476C-BBCB-E6DCF7D10609}"
EndProject
Global
	GlobalSection(SolutionConfigurationPlatforms) = preSolution
		Debug|x64 = Debug|x64
		Debug|x86 = Debug|x86
		Release|x64 = Release|x64
		Release|x86 = Release|x86
	EndGlobalSection
	GlobalSection(ProjectConfigurationPlatforms) = postSolution
		{BCE693CE-6F5F-476C-BBCB-E6DCF7D10609}.Debug|x64.ActiveCfg = Debug|x64
		{BCE693CE-6F5F-476C-BBCB-E6DCF7D10609}.Debug|x64.Build.0 = Debug|x64
		{BCE693CE-6F5F-476C-BBCB-E6DCF7D10609}.Debug|x86.ActiveCfg = Debug|Win32
		{BCE693CE-6F5F-476C-BBCB-E6DCF7D10609}.Debug|x86.Build.0 = Debug|Win32
		{BCE693CE-6F5F-476C-BBCB-E6DCF7D10609}.Release|x64.ActiveCfg = Release|x64
		{BCE693CE-6F5F-476C-BBCB-E6DCF7D10609}.Release|x64.Build.0 = Release|x64
		{BCE693CE-6F5F-476C-BBCB-E6DCF7D10609}.Release|x86.ActiveCfg = Release|Win32
		{BCE693CE-6F5F-476C-BBCB-E6DCF7D10609}.Release|x86.Build.0 = Release|Win32
	EndGlobalSection
	GlobalSection(SolutionProperties) = preSolution
		HideSolutionNode = FALSE
	EndGlobalSection
	GlobalSection(ExtensibilityGlobals) = postSolution
		SolutionGuid = {489CE43A-0260-4F49-812B-BE594914DB2D}
	EndGlobalSection
EndGlobal
